
Microsoft Visual Studio Solution File, Format Version 12.00
# Visual Studio 2012
Project("{FAE04EC0-301F-11D3-BF4B-00C04F79EFBC}") = "ImageMultiplier", "ImageMultiplier\ImageMultiplier.csproj", "{1A1D66F4-8ACE-48A2-8798-F507D4750DF8}"
EndProject
Global
	GlobalSection(SolutionConfigurationPlatforms) = preSolution
		Debug|Any CPU = Debug|Any CPU
		Release|Any CPU = Release|Any CPU
	EndGlobalSection
	GlobalSection(ProjectConfigurationPlatforms) = postSolution
		{1A1D66F4-8ACE-48A2-8798-F507D4750DF8}.Debug|Any CPU.ActiveCfg = Debug|Any CPU
		{1A1D66F4-8ACE-48A2-8798-F507D4750DF8}.Debug|Any CPU.Build.0 = Debug|Any CPU
		{1A1D66F4-8ACE-48A2-8798-F507D4750DF8}.Release|Any CPU.ActiveCfg = Release|Any CPU
		{1A1D66F4-8ACE-48A2-8798-F507D4750DF8}.Release|Any CPU.Build.0 = Release|Any CPU
	EndGlobalSection
EndGlobal
