
Microsoft Visual Studio Solution File, Format Version 12.00
# Visual Studio 2012
Project("{FAE04EC0-301F-11D3-BF4B-00C04F79EFBC}") = "ImageMultiplier", "ImageMultiplier\ImageMultiplier.csproj", "{1A1D66F4-8ACE-48A2-8798-F507D4750DF8}"
EndProject
Project("{2150E333-8FDC-42A3-9474-1A3956D46DE8}") = "Solution Items", "Solution Items", "{9D0B6B14-A4E6-4CFE-BE9A-4C63865A7C4D}"
	ProjectSection(SolutionItems) = preProject
		addin-project.xml = addin-project.xml
	EndProjectSection
EndProject
Project("{9344BDBB-3E7F-41FC-A0DD-8665D75EE146}") = "ImageMultiplierPack", "ImageMultiplierPack.mdproj", "{846333D3-4CFD-467D-9C85-6D7E9DE27DA5}"
EndProject
Global
	GlobalSection(SolutionConfigurationPlatforms) = preSolution
		Debug|Any CPU = Debug|Any CPU
		Release|Any CPU = Release|Any CPU
	EndGlobalSection
	GlobalSection(ProjectConfigurationPlatforms) = postSolution
		{1A1D66F4-8ACE-48A2-8798-F507D4750DF8}.Debug|Any CPU.ActiveCfg = Debug|Any CPU
		{1A1D66F4-8ACE-48A2-8798-F507D4750DF8}.Debug|Any CPU.Build.0 = Debug|Any CPU
		{1A1D66F4-8ACE-48A2-8798-F507D4750DF8}.Release|Any CPU.ActiveCfg = Release|Any CPU
		{1A1D66F4-8ACE-48A2-8798-F507D4750DF8}.Release|Any CPU.Build.0 = Release|Any CPU
		{846333D3-4CFD-467D-9C85-6D7E9DE27DA5}.Debug|Any CPU.ActiveCfg = Debug|Any CPU
		{846333D3-4CFD-467D-9C85-6D7E9DE27DA5}.Release|Any CPU.ActiveCfg = Release|Any CPU
	EndGlobalSection
	GlobalSection(NestedProjects) = preSolution
	EndGlobalSection
EndGlobal
